
Microsoft Visual Studio Solution File, Format Version 12.00
# Visual Studio Version 17
VisualStudioVersion = 17.5.33530.505
MinimumVisualStudioVersion = 10.0.40219.1
Project("{FAE04EC0-301F-11D3-BF4B-00C04F79EFBC}") = "TechnicalCoding", "TechnicalCoding\TechnicalCoding.csproj", "{95B87F55-028A-457D-B381-B01615E20854}"
EndProject
Project("{FAE04EC0-301F-11D3-BF4B-00C04F79EFBC}") = "TechnicalFunctionality", "TechnicalFunctionality\TechnicalFunctionality.csproj", "{963D2DD8-74CC-4318-A925-E038D24F38A4}"
EndProject
Global
	GlobalSection(SolutionConfigurationPlatforms) = preSolution
		Debug|Any CPU = Debug|Any CPU
		Release|Any CPU = Release|Any CPU
	EndGlobalSection
	GlobalSection(ProjectConfigurationPlatforms) = postSolution
		{95B87F55-028A-457D-B381-B01615E20854}.Debug|Any CPU.ActiveCfg = Debug|Any CPU
		{95B87F55-028A-457D-B381-B01615E20854}.Debug|Any CPU.Build.0 = Debug|Any CPU
		{95B87F55-028A-457D-B381-B01615E20854}.Release|Any CPU.ActiveCfg = Release|Any CPU
		{95B87F55-028A-457D-B381-B01615E20854}.Release|Any CPU.Build.0 = Release|Any CPU
		{963D2DD8-74CC-4318-A925-E038D24F38A4}.Debug|Any CPU.ActiveCfg = Debug|Any CPU
		{963D2DD8-74CC-4318-A925-E038D24F38A4}.Debug|Any CPU.Build.0 = Debug|Any CPU
		{963D2DD8-74CC-4318-A925-E038D24F38A4}.Release|Any CPU.ActiveCfg = Release|Any CPU
		{963D2DD8-74CC-4318-A925-E038D24F38A4}.Release|Any CPU.Build.0 = Release|Any CPU
	EndGlobalSection
	GlobalSection(SolutionProperties) = preSolution
		HideSolutionNode = FALSE
	EndGlobalSection
	GlobalSection(ExtensibilityGlobals) = postSolution
		SolutionGuid = {088D221C-D821-4250-B159-2B9FF615A447}
	EndGlobalSection
EndGlobal
